
Microsoft Visual Studio Solution File, Format Version 12.00
# Visual Studio Version 17
VisualStudioVersion = 17.4.33110.190
MinimumVisualStudioVersion = 10.0.40219.1
Project("{FAE04EC0-301F-11D3-BF4B-00C04F79EFBC}") = "testing winform", "testing winform\testing winform.csproj", "{52242B42-BF71-41AC-B3A4-C9B2DE5B4DB2}"
EndProject
Global
	GlobalSection(SolutionConfigurationPlatforms) = preSolution
		Debug|Any CPU = Debug|Any CPU
		Release|Any CPU = Release|Any CPU
	EndGlobalSection
	GlobalSection(ProjectConfigurationPlatforms) = postSolution
		{52242B42-BF71-41AC-B3A4-C9B2DE5B4DB2}.Debug|Any CPU.ActiveCfg = Debug|Any CPU
		{52242B42-BF71-41AC-B3A4-C9B2DE5B4DB2}.Debug|Any CPU.Build.0 = Debug|Any CPU
		{52242B42-BF71-41AC-B3A4-C9B2DE5B4DB2}.Release|Any CPU.ActiveCfg = Release|Any CPU
		{52242B42-BF71-41AC-B3A4-C9B2DE5B4DB2}.Release|Any CPU.Build.0 = Release|Any CPU
	EndGlobalSection
	GlobalSection(SolutionProperties) = preSolution
		HideSolutionNode = FALSE
	EndGlobalSection
	GlobalSection(ExtensibilityGlobals) = postSolution
		SolutionGuid = {81F63724-9A84-4C9B-945E-3E6D5F0C6BF6}
	EndGlobalSection
EndGlobal
